
Microsoft Visual Studio Solution File, Format Version 12.00
# Visual Studio 15
VisualStudioVersion = 15.0.28010.2026
MinimumVisualStudioVersion = 10.0.40219.1
Project("{9A19103F-16F7-4668-BE54-9A1E7A4F7556}") = "ProjectManagementSystem", "ProjectManagementSystem\ProjectManagementSystem.csproj", "{C35501D9-B914-456E-AAB8-8E7923B701E0}"
EndProject
Project("{FAE04EC0-301F-11D3-BF4B-00C04F79EFBC}") = "UnitTestProject2", "UnitTestProject2\UnitTestProject2.csproj", "{9F15BD21-5587-4850-8241-8CE25FC210C5}"
EndProject
Global
	GlobalSection(SolutionConfigurationPlatforms) = preSolution
		Debug|Any CPU = Debug|Any CPU
		Release|Any CPU = Release|Any CPU
	EndGlobalSection
	GlobalSection(ProjectConfigurationPlatforms) = postSolution
		{C35501D9-B914-456E-AAB8-8E7923B701E0}.Debug|Any CPU.ActiveCfg = Debug|Any CPU
		{C35501D9-B914-456E-AAB8-8E7923B701E0}.Debug|Any CPU.Build.0 = Debug|Any CPU
		{C35501D9-B914-456E-AAB8-8E7923B701E0}.Release|Any CPU.ActiveCfg = Release|Any CPU
		{C35501D9-B914-456E-AAB8-8E7923B701E0}.Release|Any CPU.Build.0 = Release|Any CPU
		{9F15BD21-5587-4850-8241-8CE25FC210C5}.Debug|Any CPU.ActiveCfg = Debug|Any CPU
		{9F15BD21-5587-4850-8241-8CE25FC210C5}.Debug|Any CPU.Build.0 = Debug|Any CPU
		{9F15BD21-5587-4850-8241-8CE25FC210C5}.Release|Any CPU.ActiveCfg = Release|Any CPU
		{9F15BD21-5587-4850-8241-8CE25FC210C5}.Release|Any CPU.Build.0 = Release|Any CPU
	EndGlobalSection
	GlobalSection(SolutionProperties) = preSolution
		HideSolutionNode = FALSE
	EndGlobalSection
	GlobalSection(ExtensibilityGlobals) = postSolution
		SolutionGuid = {B20CE1EE-1F6D-438F-BDAC-D06F6B669B59}
	EndGlobalSection
EndGlobal
